# generated by rye
# use `rye lock` or `rye sync` to update this lockfile
#
# last locked with the following flags:
#   pre: false
#   features: []
#   all-features: false
#   with-sources: false
#   generate-hashes: false

-e file:.
asyncpg==0.29.0
    # via asyncpg-stubs
    # via example
asyncpg-stubs==0.29.1
    # via example
typing-extensions==4.12.2
    # via asyncpg-stubs
